// !$*UTF8*$!
{
	archiveVersion = 1;
	classes = {
	};
	objectVersion = 54;
	objects = {

/* Begin PBXBuildFile section */
		011D7DD09592F5DCF8B9736C /* ArticleService.swift in Sources */ = {isa = PBXBuildFile; fileRef = 7202AE2DAB9F7A50F55292DE /* ArticleService.swift */; };
		0AD1FE9CDF876B1469F100C9 /* ShareViewController.swift in Sources */ = {isa = PBXBuildFile; fileRef = AAE0FCD6B716A7F38BA74E5C /* ShareViewController.swift */; };
		0C948F27F8489D1A8CA2F3D9 /* HighlightsExportView.swift in Sources */ = {isa = PBXBuildFile; fileRef = 5D358E69CD49036AC56420BA /* HighlightsExportView.swift */; };
		0F87034F61CB25B7661B3DFC /* ContentView.swift in Sources */ = {isa = PBXBuildFile; fileRef = 047A2235BC6523900570FCE2 /* ContentView.swift */; };
		30461BDF85E692819A62FB33 /* GhostNotesApp.swift in Sources */ = {isa = PBXBuildFile; fileRef = 21D272CF9599CB59F506932A /* GhostNotesApp.swift */; };
		30F8FD7688FFA7568BFC1BA3 /* LibraryViewModel.swift in Sources */ = {isa = PBXBuildFile; fileRef = B0C6B5D42F3564378B7A4B59 /* LibraryViewModel.swift */; };
		33FFE2119D851E351CE39006 /* ArticleCard.swift in Sources */ = {isa = PBXBuildFile; fileRef = 8F247C692340C42CD8346D79 /* ArticleCard.swift */; };
		34FF1DE92A7F46D4FADB1222 /* Assets.xcassets in Resources */ = {isa = PBXBuildFile; fileRef = 3BB96FD3F12CC05D4F64C302 /* Assets.xcassets */; };
		3DF122BE01275C4A203CD068 /* CollectionsView.swift in Sources */ = {isa = PBXBuildFile; fileRef = CE2D7EC36EEDE0F6C7F32B5F /* CollectionsView.swift */; };
		3F555FAB04DA7000F1820E8C /* Summary.swift in Sources */ = {isa = PBXBuildFile; fileRef = 4FFEEFB971F349CC5C9B6A3E /* Summary.swift */; };
		50995D52012AB9F7DB01548E /* ReadingView.swift in Sources */ = {isa = PBXBuildFile; fileRef = CFE346ED13A57FE3247699FE /* ReadingView.swift */; };
		586E352E06CE5F939E8D2A05 /* ArchiveView.swift in Sources */ = {isa = PBXBuildFile; fileRef = CBFAECAFFAAE5F5A8F92131C /* ArchiveView.swift */; };
		5E3DECE72E93D4D1D5E980DA /* ReadingQueueService.swift in Sources */ = {isa = PBXBuildFile; fileRef = A77621D9FF02BC9E8D3336F8 /* ReadingQueueService.swift */; };
		6D03CF42099566CC0BF11930 /* RecommendationService.swift in Sources */ = {isa = PBXBuildFile; fileRef = CFB8C71201DF801A78E3753C /* RecommendationService.swift */; };
		728E60F80C98DE52A723EB0E /* PrivacyInfo.xcprivacy in Resources */ = {isa = PBXBuildFile; fileRef = D05633B1F276C97EA9E83E67 /* PrivacyInfo.xcprivacy */; };
		7723557E1F6778272D0DCA78 /* GhostNotesR12Service.swift in Sources */ = {isa = PBXBuildFile; fileRef = 464CEF47D1C5D30F04438380 /* GhostNotesR12Service.swift */; };
		7B0B9BFA4AB62F4752F4CE1B /* LibraryView.swift in Sources */ = {isa = PBXBuildFile; fileRef = D5C046D2CBC67DCE78B18D84 /* LibraryView.swift */; };
		84CC276648F5186CAC0371F2 /* HighlightsView.swift in Sources */ = {isa = PBXBuildFile; fileRef = 265A2924B0A6C25868AD1320 /* HighlightsView.swift */; };
		882D96F88FB6BB31DFC111DF /* AISummarizationService.swift in Sources */ = {isa = PBXBuildFile; fileRef = C594A5318A4097929B7136EB /* AISummarizationService.swift */; };
		8E74E4558E2C5EFB5B386931 /* RecommendationsView.swift in Sources */ = {isa = PBXBuildFile; fileRef = BB39DC194DF1F5BC1ABD7392 /* RecommendationsView.swift */; };
		8E94970DE2A102F51B62CC25 /* CommunityView.swift in Sources */ = {isa = PBXBuildFile; fileRef = 64C28A894ED1DC2157D53FEF /* CommunityView.swift */; };
		939B71C505B1B064D111F48D /* ReadingViewModel.swift in Sources */ = {isa = PBXBuildFile; fileRef = 02ED8EACA26C73DC40B7DD42 /* ReadingViewModel.swift */; };
		9F175F30A24C7252B9B53507 /* GhostNotesR11Service.swift in Sources */ = {isa = PBXBuildFile; fileRef = 6C5D920B26D1A5C49578D1EF /* GhostNotesR11Service.swift */; };
		A77C3BDB620A669D00177114 /* SmartCollectionsView.swift in Sources */ = {isa = PBXBuildFile; fileRef = 79F9DF829F88E1AEFF2E9142 /* SmartCollectionsView.swift */; };
		C3EDBCCD8ABBCB4734444A1A /* StatsView.swift in Sources */ = {isa = PBXBuildFile; fileRef = 3ABBE258B75F967B3B066EB0 /* StatsView.swift */; };
		CFAD3F45858EEF7115DDD956 /* SubscriptionService.swift in Sources */ = {isa = PBXBuildFile; fileRef = 55B5806A721FC9BFA51D7F7E /* SubscriptionService.swift */; };
		D40021829950387B55C43B59 /* DatabaseService.swift in Sources */ = {isa = PBXBuildFile; fileRef = 78B67E0488A4168F83E890D0 /* DatabaseService.swift */; };
		D40622D57248B9D6753A89A7 /* Article.swift in Sources */ = {isa = PBXBuildFile; fileRef = 9B635319616959E36FB9086C /* Article.swift */; };
		EA502DDE994267B9A342630E /* ShareService.swift in Sources */ = {isa = PBXBuildFile; fileRef = D713F54752068692C04DF525 /* ShareService.swift */; };
		F17D88BB1D4552744390D103 /* Highlight.swift in Sources */ = {isa = PBXBuildFile; fileRef = FF3A2375B78CA092E806CB09 /* Highlight.swift */; };
/* End PBXBuildFile section */

/* Begin PBXFileReference section */
		02ED8EACA26C73DC40B7DD42 /* ReadingViewModel.swift */ = {isa = PBXFileReference; lastKnownFileType = sourcecode.swift; path = ReadingViewModel.swift; sourceTree = "<group>"; };
		047A2235BC6523900570FCE2 /* ContentView.swift */ = {isa = PBXFileReference; lastKnownFileType = sourcecode.swift; path = ContentView.swift; sourceTree = "<group>"; };
		21D272CF9599CB59F506932A /* GhostNotesApp.swift */ = {isa = PBXFileReference; lastKnownFileType = sourcecode.swift; path = GhostNotesApp.swift; sourceTree = "<group>"; };
		265A2924B0A6C25868AD1320 /* HighlightsView.swift */ = {isa = PBXFileReference; lastKnownFileType = sourcecode.swift; path = HighlightsView.swift; sourceTree = "<group>"; };
		3ABBE258B75F967B3B066EB0 /* StatsView.swift */ = {isa = PBXFileReference; lastKnownFileType = sourcecode.swift; path = StatsView.swift; sourceTree = "<group>"; };
		3BB96FD3F12CC05D4F64C302 /* Assets.xcassets */ = {isa = PBXFileReference; lastKnownFileType = folder.assetcatalog; path = Assets.xcassets; sourceTree = "<group>"; };
		464CEF47D1C5D30F04438380 /* GhostNotesR12Service.swift */ = {isa = PBXFileReference; lastKnownFileType = sourcecode.swift; path = GhostNotesR12Service.swift; sourceTree = "<group>"; };
		4B88D5BB73A7111EA6CA56B5 /* Info.plist */ = {isa = PBXFileReference; lastKnownFileType = text.plist; path = Info.plist; sourceTree = "<group>"; };
		4CDAE07F8EC79F731317E919 /* GhostNotes.app */ = {isa = PBXFileReference; includeInIndex = 0; lastKnownFileType = wrapper.application; path = GhostNotes.app; sourceTree = BUILT_PRODUCTS_DIR; };
		4FFEEFB971F349CC5C9B6A3E /* Summary.swift */ = {isa = PBXFileReference; lastKnownFileType = sourcecode.swift; path = Summary.swift; sourceTree = "<group>"; };
		55B5806A721FC9BFA51D7F7E /* SubscriptionService.swift */ = {isa = PBXFileReference; lastKnownFileType = sourcecode.swift; path = SubscriptionService.swift; sourceTree = "<group>"; };
		5D358E69CD49036AC56420BA /* HighlightsExportView.swift */ = {isa = PBXFileReference; lastKnownFileType = sourcecode.swift; path = HighlightsExportView.swift; sourceTree = "<group>"; };
		64C28A894ED1DC2157D53FEF /* CommunityView.swift */ = {isa = PBXFileReference; lastKnownFileType = sourcecode.swift; path = CommunityView.swift; sourceTree = "<group>"; };
		6C5D920B26D1A5C49578D1EF /* GhostNotesR11Service.swift */ = {isa = PBXFileReference; lastKnownFileType = sourcecode.swift; path = GhostNotesR11Service.swift; sourceTree = "<group>"; };
		7202AE2DAB9F7A50F55292DE /* ArticleService.swift */ = {isa = PBXFileReference; lastKnownFileType = sourcecode.swift; path = ArticleService.swift; sourceTree = "<group>"; };
		78B67E0488A4168F83E890D0 /* DatabaseService.swift */ = {isa = PBXFileReference; lastKnownFileType = sourcecode.swift; path = DatabaseService.swift; sourceTree = "<group>"; };
		79F9DF829F88E1AEFF2E9142 /* SmartCollectionsView.swift */ = {isa = PBXFileReference; lastKnownFileType = sourcecode.swift; path = SmartCollectionsView.swift; sourceTree = "<group>"; };
		8F247C692340C42CD8346D79 /* ArticleCard.swift */ = {isa = PBXFileReference; lastKnownFileType = sourcecode.swift; path = ArticleCard.swift; sourceTree = "<group>"; };
		9B635319616959E36FB9086C /* Article.swift */ = {isa = PBXFileReference; lastKnownFileType = sourcecode.swift; path = Article.swift; sourceTree = "<group>"; };
		A77621D9FF02BC9E8D3336F8 /* ReadingQueueService.swift */ = {isa = PBXFileReference; lastKnownFileType = sourcecode.swift; path = ReadingQueueService.swift; sourceTree = "<group>"; };
		AAE0FCD6B716A7F38BA74E5C /* ShareViewController.swift */ = {isa = PBXFileReference; lastKnownFileType = sourcecode.swift; path = ShareViewController.swift; sourceTree = "<group>"; };
		B0C6B5D42F3564378B7A4B59 /* LibraryViewModel.swift */ = {isa = PBXFileReference; lastKnownFileType = sourcecode.swift; path = LibraryViewModel.swift; sourceTree = "<group>"; };
		BB39DC194DF1F5BC1ABD7392 /* RecommendationsView.swift */ = {isa = PBXFileReference; lastKnownFileType = sourcecode.swift; path = RecommendationsView.swift; sourceTree = "<group>"; };
		C594A5318A4097929B7136EB /* AISummarizationService.swift */ = {isa = PBXFileReference; lastKnownFileType = sourcecode.swift; path = AISummarizationService.swift; sourceTree = "<group>"; };
		CBFAECAFFAAE5F5A8F92131C /* ArchiveView.swift */ = {isa = PBXFileReference; lastKnownFileType = sourcecode.swift; path = ArchiveView.swift; sourceTree = "<group>"; };
		CE2D7EC36EEDE0F6C7F32B5F /* CollectionsView.swift */ = {isa = PBXFileReference; lastKnownFileType = sourcecode.swift; path = CollectionsView.swift; sourceTree = "<group>"; };
		CFB8C71201DF801A78E3753C /* RecommendationService.swift */ = {isa = PBXFileReference; lastKnownFileType = sourcecode.swift; path = RecommendationService.swift; sourceTree = "<group>"; };
		CFE346ED13A57FE3247699FE /* ReadingView.swift */ = {isa = PBXFileReference; lastKnownFileType = sourcecode.swift; path = ReadingView.swift; sourceTree = "<group>"; };
		D05633B1F276C97EA9E83E67 /* PrivacyInfo.xcprivacy */ = {isa = PBXFileReference; path = PrivacyInfo.xcprivacy; sourceTree = "<group>"; };
		D5C046D2CBC67DCE78B18D84 /* LibraryView.swift */ = {isa = PBXFileReference; lastKnownFileType = sourcecode.swift; path = LibraryView.swift; sourceTree = "<group>"; };
		D713F54752068692C04DF525 /* ShareService.swift */ = {isa = PBXFileReference; lastKnownFileType = sourcecode.swift; path = ShareService.swift; sourceTree = "<group>"; };
		FA0253B8AA0F40E356938779 /* GhostNotesShareExtension.appex */ = {isa = PBXFileReference; includeInIndex = 0; lastKnownFileType = "wrapper.app-extension"; path = GhostNotesShareExtension.appex; sourceTree = BUILT_PRODUCTS_DIR; };
		FF3A2375B78CA092E806CB09 /* Highlight.swift */ = {isa = PBXFileReference; lastKnownFileType = sourcecode.swift; path = Highlight.swift; sourceTree = "<group>"; };
/* End PBXFileReference section */

/* Begin PBXGroup section */
		01140E3B9B8A55DC31FA9EAB /* Services */ = {
			isa = PBXGroup;
			children = (
				C594A5318A4097929B7136EB /* AISummarizationService.swift */,
				7202AE2DAB9F7A50F55292DE /* ArticleService.swift */,
				78B67E0488A4168F83E890D0 /* DatabaseService.swift */,
				6C5D920B26D1A5C49578D1EF /* GhostNotesR11Service.swift */,
				464CEF47D1C5D30F04438380 /* GhostNotesR12Service.swift */,
				A77621D9FF02BC9E8D3336F8 /* ReadingQueueService.swift */,
				CFB8C71201DF801A78E3753C /* RecommendationService.swift */,
				D713F54752068692C04DF525 /* ShareService.swift */,
				55B5806A721FC9BFA51D7F7E /* SubscriptionService.swift */,
			);
			path = Services;
			sourceTree = "<group>";
		};
		366B25A65348ABD4CFABED84 /* Models */ = {
			isa = PBXGroup;
			children = (
				9B635319616959E36FB9086C /* Article.swift */,
				FF3A2375B78CA092E806CB09 /* Highlight.swift */,
				4FFEEFB971F349CC5C9B6A3E /* Summary.swift */,
			);
			path = Models;
			sourceTree = "<group>";
		};
		B483FD8D7D068F5FF4D154E1 = {
			isa = PBXGroup;
			children = (
				FFE2F98FD87CB85A5403926A /* GhostNotes */,
				FB585831BC6201A1CF69F28F /* GhostNotesShareExtension */,
				FB56A96EAD881C626154F126 /* Products */,
			);
			sourceTree = "<group>";
		};
		DC177C6C9063C1E655D9DD88 /* Components */ = {
			isa = PBXGroup;
			children = (
				8F247C692340C42CD8346D79 /* ArticleCard.swift */,
			);
			path = Components;
			sourceTree = "<group>";
		};
		ECC20969DC7496A949500514 /* App */ = {
			isa = PBXGroup;
			children = (
				21D272CF9599CB59F506932A /* GhostNotesApp.swift */,
			);
			path = App;
			sourceTree = "<group>";
		};
		ECE4C13E30D1801805820B5B /* Views */ = {
			isa = PBXGroup;
			children = (
				CBFAECAFFAAE5F5A8F92131C /* ArchiveView.swift */,
				CE2D7EC36EEDE0F6C7F32B5F /* CollectionsView.swift */,
				64C28A894ED1DC2157D53FEF /* CommunityView.swift */,
				047A2235BC6523900570FCE2 /* ContentView.swift */,
				5D358E69CD49036AC56420BA /* HighlightsExportView.swift */,
				265A2924B0A6C25868AD1320 /* HighlightsView.swift */,
				D5C046D2CBC67DCE78B18D84 /* LibraryView.swift */,
				CFE346ED13A57FE3247699FE /* ReadingView.swift */,
				BB39DC194DF1F5BC1ABD7392 /* RecommendationsView.swift */,
				79F9DF829F88E1AEFF2E9142 /* SmartCollectionsView.swift */,
				3ABBE258B75F967B3B066EB0 /* StatsView.swift */,
				DC177C6C9063C1E655D9DD88 /* Components */,
			);
			path = Views;
			sourceTree = "<group>";
		};
		FB56A96EAD881C626154F126 /* Products */ = {
			isa = PBXGroup;
			children = (
				4CDAE07F8EC79F731317E919 /* GhostNotes.app */,
				FA0253B8AA0F40E356938779 /* GhostNotesShareExtension.appex */,
			);
			name = Products;
			sourceTree = "<group>";
		};
		FB585831BC6201A1CF69F28F /* GhostNotesShareExtension */ = {
			isa = PBXGroup;
			children = (
				4B88D5BB73A7111EA6CA56B5 /* Info.plist */,
				AAE0FCD6B716A7F38BA74E5C /* ShareViewController.swift */,
			);
			path = GhostNotesShareExtension;
			sourceTree = "<group>";
		};
		FE2A0BD1C9DE1159C95BBCF1 /* ViewModels */ = {
			isa = PBXGroup;
			children = (
				B0C6B5D42F3564378B7A4B59 /* LibraryViewModel.swift */,
				02ED8EACA26C73DC40B7DD42 /* ReadingViewModel.swift */,
			);
			path = ViewModels;
			sourceTree = "<group>";
		};
		FFE2F98FD87CB85A5403926A /* GhostNotes */ = {
			isa = PBXGroup;
			children = (
				3BB96FD3F12CC05D4F64C302 /* Assets.xcassets */,
				D05633B1F276C97EA9E83E67 /* PrivacyInfo.xcprivacy */,
				ECC20969DC7496A949500514 /* App */,
				366B25A65348ABD4CFABED84 /* Models */,
				01140E3B9B8A55DC31FA9EAB /* Services */,
				FE2A0BD1C9DE1159C95BBCF1 /* ViewModels */,
				ECE4C13E30D1801805820B5B /* Views */,
			);
			path = GhostNotes;
			sourceTree = "<group>";
		};
/* End PBXGroup section */

/* Begin PBXNativeTarget section */
		71AFDE0C796EBA9293F28855 /* GhostNotes */ = {
			isa = PBXNativeTarget;
			buildConfigurationList = CF2087EF0949222D16E5265F /* Build configuration list for PBXNativeTarget "GhostNotes" */;
			buildPhases = (
				EAA4CCCB23D0541C162BC1E6 /* Sources */,
				F703150EED917008A308E357 /* Resources */,
			);
			buildRules = (
			);
			dependencies = (
			);
			name = GhostNotes;
			productName = GhostNotes;
			productReference = 4CDAE07F8EC79F731317E919 /* GhostNotes.app */;
			productType = "com.apple.product-type.application";
		};
		C9328554807BA85861A1CB4C /* GhostNotesShareExtension */ = {
			isa = PBXNativeTarget;
			buildConfigurationList = 6EBC68A8ED2781439E3F7B02 /* Build configuration list for PBXNativeTarget "GhostNotesShareExtension" */;
			buildPhases = (
				05C94B4933363E7C162A395F /* Sources */,
			);
			buildRules = (
			);
			dependencies = (
			);
			name = GhostNotesShareExtension;
			productName = GhostNotesShareExtension;
			productReference = FA0253B8AA0F40E356938779 /* GhostNotesShareExtension.appex */;
			productType = "com.apple.product-type.app-extension";
		};
/* End PBXNativeTarget section */

/* Begin PBXProject section */
		C5B92A30EF955D15CE631E49 /* Project object */ = {
			isa = PBXProject;
			attributes = {
				BuildIndependentTargetsInParallel = YES;
				LastUpgradeCheck = 1600;
				TargetAttributes = {
					71AFDE0C796EBA9293F28855 = {
						DevelopmentTeam = "";
						ProvisioningStyle = Automatic;
					};
					C9328554807BA85861A1CB4C = {
						DevelopmentTeam = "";
						ProvisioningStyle = Automatic;
					};
				};
			};
			buildConfigurationList = F2558FCA708BB2698C25F952 /* Build configuration list for PBXProject "GhostNotes" */;
			compatibilityVersion = "Xcode 14.0";
			developmentRegion = en;
			hasScannedForEncodings = 0;
			knownRegions = (
				Base,
				en,
			);
			mainGroup = B483FD8D7D068F5FF4D154E1;
			projectDirPath = "";
			projectRoot = "";
			targets = (
				71AFDE0C796EBA9293F28855 /* GhostNotes */,
				C9328554807BA85861A1CB4C /* GhostNotesShareExtension */,
			);
		};
/* End PBXProject section */

/* Begin PBXResourcesBuildPhase section */
		F703150EED917008A308E357 /* Resources */ = {
			isa = PBXResourcesBuildPhase;
			buildActionMask = 2147483647;
			files = (
				34FF1DE92A7F46D4FADB1222 /* Assets.xcassets in Resources */,
				728E60F80C98DE52A723EB0E /* PrivacyInfo.xcprivacy in Resources */,
			);
			runOnlyForDeploymentPostprocessing = 0;
		};
/* End PBXResourcesBuildPhase section */

/* Begin PBXSourcesBuildPhase section */
		05C94B4933363E7C162A395F /* Sources */ = {
			isa = PBXSourcesBuildPhase;
			buildActionMask = 2147483647;
			files = (
				0AD1FE9CDF876B1469F100C9 /* ShareViewController.swift in Sources */,
			);
			runOnlyForDeploymentPostprocessing = 0;
		};
		EAA4CCCB23D0541C162BC1E6 /* Sources */ = {
			isa = PBXSourcesBuildPhase;
			buildActionMask = 2147483647;
			files = (
				882D96F88FB6BB31DFC111DF /* AISummarizationService.swift in Sources */,
				586E352E06CE5F939E8D2A05 /* ArchiveView.swift in Sources */,
				D40622D57248B9D6753A89A7 /* Article.swift in Sources */,
				33FFE2119D851E351CE39006 /* ArticleCard.swift in Sources */,
				011D7DD09592F5DCF8B9736C /* ArticleService.swift in Sources */,
				3DF122BE01275C4A203CD068 /* CollectionsView.swift in Sources */,
				8E94970DE2A102F51B62CC25 /* CommunityView.swift in Sources */,
				0F87034F61CB25B7661B3DFC /* ContentView.swift in Sources */,
				D40021829950387B55C43B59 /* DatabaseService.swift in Sources */,
				30461BDF85E692819A62FB33 /* GhostNotesApp.swift in Sources */,
				9F175F30A24C7252B9B53507 /* GhostNotesR11Service.swift in Sources */,
				7723557E1F6778272D0DCA78 /* GhostNotesR12Service.swift in Sources */,
				F17D88BB1D4552744390D103 /* Highlight.swift in Sources */,
				0C948F27F8489D1A8CA2F3D9 /* HighlightsExportView.swift in Sources */,
				84CC276648F5186CAC0371F2 /* HighlightsView.swift in Sources */,
				7B0B9BFA4AB62F4752F4CE1B /* LibraryView.swift in Sources */,
				30F8FD7688FFA7568BFC1BA3 /* LibraryViewModel.swift in Sources */,
				5E3DECE72E93D4D1D5E980DA /* ReadingQueueService.swift in Sources */,
				50995D52012AB9F7DB01548E /* ReadingView.swift in Sources */,
				939B71C505B1B064D111F48D /* ReadingViewModel.swift in Sources */,
				6D03CF42099566CC0BF11930 /* RecommendationService.swift in Sources */,
				8E74E4558E2C5EFB5B386931 /* RecommendationsView.swift in Sources */,
				EA502DDE994267B9A342630E /* ShareService.swift in Sources */,
				A77C3BDB620A669D00177114 /* SmartCollectionsView.swift in Sources */,
				C3EDBCCD8ABBCB4734444A1A /* StatsView.swift in Sources */,
				CFAD3F45858EEF7115DDD956 /* SubscriptionService.swift in Sources */,
				3F555FAB04DA7000F1820E8C /* Summary.swift in Sources */,
			);
			runOnlyForDeploymentPostprocessing = 0;
		};
/* End PBXSourcesBuildPhase section */

/* Begin XCBuildConfiguration section */
		3BB0F2A97440916A497A31A9 /* Debug */ = {
			isa = XCBuildConfiguration;
			buildSettings = {
				CODE_SIGN_STYLE = Automatic;
				CURRENT_PROJECT_VERSION = 1;
				DEVELOPMENT_TEAM = "";
				INFOPLIST_FILE = GhostNotesShareExtension/Info.plist;
				LD_RUNPATH_SEARCH_PATHS = (
					"$(inherited)",
					"@executable_path/Frameworks",
					"@executable_path/../../Frameworks",
				);
				MARKETING_VERSION = 1.0.0;
				PRODUCT_BUNDLE_IDENTIFIER = com.tomalabs.ghostnotes.share;
				SDKROOT = iphoneos;
				SKIP_INSTALL = YES;
				TARGETED_DEVICE_FAMILY = "1,2";
			};
			name = Debug;
		};
		659CC92A26B278BB8FA24521 /* Debug */ = {
			isa = XCBuildConfiguration;
			buildSettings = {
				ASSETCATALOG_COMPILER_APPICON_NAME = AppIcon;
				ASSETCATALOG_COMPILER_GLOBAL_ACCENT_COLOR_NAME = AccentColor;
				CODE_SIGN_IDENTITY = "iPhone Developer";
				CODE_SIGN_STYLE = Automatic;
				CURRENT_PROJECT_VERSION = 1;
				DEVELOPMENT_TEAM = "";
				GENERATE_INFOPLIST_FILE = YES;
				INFOPLIST_KEY_CFBundleDisplayName = "Ghost Notes";
				LD_RUNPATH_SEARCH_PATHS = (
					"$(inherited)",
					"@executable_path/Frameworks",
				);
				MARKETING_VERSION = 1.0.0;
				PRODUCT_BUNDLE_IDENTIFIER = com.tomalabs.ghostnotes;
				SDKROOT = iphoneos;
				TARGETED_DEVICE_FAMILY = "1,2";
			};
			name = Debug;
		};
		7199159A682FB6397A449EBC /* Release */ = {
			isa = XCBuildConfiguration;
			buildSettings = {
				CODE_SIGN_STYLE = Automatic;
				CURRENT_PROJECT_VERSION = 1;
				DEVELOPMENT_TEAM = "";
				INFOPLIST_FILE = GhostNotesShareExtension/Info.plist;
				LD_RUNPATH_SEARCH_PATHS = (
					"$(inherited)",
					"@executable_path/Frameworks",
					"@executable_path/../../Frameworks",
				);
				MARKETING_VERSION = 1.0.0;
				PRODUCT_BUNDLE_IDENTIFIER = com.tomalabs.ghostnotes.share;
				SDKROOT = iphoneos;
				SKIP_INSTALL = YES;
				TARGETED_DEVICE_FAMILY = "1,2";
			};
			name = Release;
		};
		783FFFEEAC2D08F90F955DE5 /* Release */ = {
			isa = XCBuildConfiguration;
			buildSettings = {
				ALWAYS_SEARCH_USER_PATHS = NO;
				CLANG_ANALYZER_NONNULL = YES;
				CLANG_ANALYZER_NUMBER_OBJECT_CONVERSION = YES_AGGRESSIVE;
				CLANG_CXX_LANGUAGE_STANDARD = "gnu++14";
				CLANG_CXX_LIBRARY = "libc++";
				CLANG_ENABLE_MODULES = YES;
				CLANG_ENABLE_OBJC_ARC = YES;
				CLANG_ENABLE_OBJC_WEAK = YES;
				CLANG_WARN_BLOCK_CAPTURE_AUTORELEASING = YES;
				CLANG_WARN_BOOL_CONVERSION = YES;
				CLANG_WARN_COMMA = YES;
				CLANG_WARN_CONSTANT_CONVERSION = YES;
				CLANG_WARN_DEPRECATED_OBJC_IMPLEMENTATIONS = YES;
				CLANG_WARN_DIRECT_OBJC_ISA_USAGE = YES_ERROR;
				CLANG_WARN_DOCUMENTATION_COMMENTS = YES;
				CLANG_WARN_EMPTY_BODY = YES;
				CLANG_WARN_ENUM_CONVERSION = YES;
				CLANG_WARN_INFINITE_RECURSION = YES;
				CLANG_WARN_INT_CONVERSION = YES;
				CLANG_WARN_NON_LITERAL_NULL_CONVERSION = YES;
				CLANG_WARN_OBJC_IMPLICIT_RETAIN_SELF = YES;
				CLANG_WARN_OBJC_LITERAL_CONVERSION = YES;
				CLANG_WARN_OBJC_ROOT_CLASS = YES_ERROR;
				CLANG_WARN_QUOTED_INCLUDE_IN_FRAMEWORK_HEADER = YES;
				CLANG_WARN_RANGE_LOOP_ANALYSIS = YES;
				CLANG_WARN_STRICT_PROTOTYPES = YES;
				CLANG_WARN_SUSPICIOUS_MOVE = YES;
				CLANG_WARN_UNGUARDED_AVAILABILITY = YES_AGGRESSIVE;
				CLANG_WARN_UNREACHABLE_CODE = YES;
				CLANG_WARN__DUPLICATE_METHOD_MATCH = YES;
				COPY_PHASE_STRIP = NO;
				DEBUG_INFORMATION_FORMAT = "dwarf-with-dsym";
				ENABLE_NS_ASSERTIONS = NO;
				ENABLE_STRICT_OBJC_MSGSEND = YES;
				ENABLE_USER_SCRIPT_SANDBOXING = NO;
				GCC_C_LANGUAGE_STANDARD = gnu11;
				GCC_NO_COMMON_BLOCKS = YES;
				GCC_WARN_64_TO_32_BIT_CONVERSION = YES;
				GCC_WARN_ABOUT_RETURN_TYPE = YES_ERROR;
				GCC_WARN_UNDECLARED_SELECTOR = YES;
				GCC_WARN_UNINITIALIZED_AUTOS = YES_AGGRESSIVE;
				GCC_WARN_UNUSED_FUNCTION = YES;
				GCC_WARN_UNUSED_VARIABLE = YES;
				INFOPLIST_KEY_UILaunchScreen_Generation = YES;
				INFOPLIST_KEY_UISupportedInterfaceOrientations_iPad = "UIInterfaceOrientationPortrait UIInterfaceOrientationPortraitUpsideDown UIInterfaceOrientationLandscapeLeft UIInterfaceOrientationLandscapeRight";
				INFOPLIST_KEY_UISupportedInterfaceOrientations_iPhone = "UIInterfaceOrientationPortrait UIInterfaceOrientationLandscapeLeft UIInterfaceOrientationLandscapeRight";
				IPHONEOS_DEPLOYMENT_TARGET = 26.0;
				MTL_ENABLE_DEBUG_INFO = NO;
				MTL_FAST_MATH = YES;
				PRODUCT_NAME = "$(TARGET_NAME)";
				SDKROOT = iphoneos;
				SWIFT_COMPILATION_MODE = wholemodule;
				SWIFT_OPTIMIZATION_LEVEL = "-O";
				SWIFT_VERSION = 6.0;
				TARGETED_DEVICE_FAMILY = "1,2";
			};
			name = Release;
		};
		B1B50333F9E252A94838562B /* Debug */ = {
			isa = XCBuildConfiguration;
			buildSettings = {
				ALWAYS_SEARCH_USER_PATHS = NO;
				CLANG_ANALYZER_NONNULL = YES;
				CLANG_ANALYZER_NUMBER_OBJECT_CONVERSION = YES_AGGRESSIVE;
				CLANG_CXX_LANGUAGE_STANDARD = "gnu++14";
				CLANG_CXX_LIBRARY = "libc++";
				CLANG_ENABLE_MODULES = YES;
				CLANG_ENABLE_OBJC_ARC = YES;
				CLANG_ENABLE_OBJC_WEAK = YES;
				CLANG_WARN_BLOCK_CAPTURE_AUTORELEASING = YES;
				CLANG_WARN_BOOL_CONVERSION = YES;
				CLANG_WARN_COMMA = YES;
				CLANG_WARN_CONSTANT_CONVERSION = YES;
				CLANG_WARN_DEPRECATED_OBJC_IMPLEMENTATIONS = YES;
				CLANG_WARN_DIRECT_OBJC_ISA_USAGE = YES_ERROR;
				CLANG_WARN_DOCUMENTATION_COMMENTS = YES;
				CLANG_WARN_EMPTY_BODY = YES;
				CLANG_WARN_ENUM_CONVERSION = YES;
				CLANG_WARN_INFINITE_RECURSION = YES;
				CLANG_WARN_INT_CONVERSION = YES;
				CLANG_WARN_NON_LITERAL_NULL_CONVERSION = YES;
				CLANG_WARN_OBJC_IMPLICIT_RETAIN_SELF = YES;
				CLANG_WARN_OBJC_LITERAL_CONVERSION = YES;
				CLANG_WARN_OBJC_ROOT_CLASS = YES_ERROR;
				CLANG_WARN_QUOTED_INCLUDE_IN_FRAMEWORK_HEADER = YES;
				CLANG_WARN_RANGE_LOOP_ANALYSIS = YES;
				CLANG_WARN_STRICT_PROTOTYPES = YES;
				CLANG_WARN_SUSPICIOUS_MOVE = YES;
				CLANG_WARN_UNGUARDED_AVAILABILITY = YES_AGGRESSIVE;
				CLANG_WARN_UNREACHABLE_CODE = YES;
				CLANG_WARN__DUPLICATE_METHOD_MATCH = YES;
				COPY_PHASE_STRIP = NO;
				DEBUG_INFORMATION_FORMAT = dwarf;
				ENABLE_STRICT_OBJC_MSGSEND = YES;
				ENABLE_TESTABILITY = YES;
				ENABLE_USER_SCRIPT_SANDBOXING = NO;
				GCC_C_LANGUAGE_STANDARD = gnu11;
				GCC_DYNAMIC_NO_PIC = NO;
				GCC_NO_COMMON_BLOCKS = YES;
				GCC_OPTIMIZATION_LEVEL = 0;
				GCC_PREPROCESSOR_DEFINITIONS = (
					"$(inherited)",
					"DEBUG=1",
				);
				GCC_WARN_64_TO_32_BIT_CONVERSION = YES;
				GCC_WARN_ABOUT_RETURN_TYPE = YES_ERROR;
				GCC_WARN_UNDECLARED_SELECTOR = YES;
				GCC_WARN_UNINITIALIZED_AUTOS = YES_AGGRESSIVE;
				GCC_WARN_UNUSED_FUNCTION = YES;
				GCC_WARN_UNUSED_VARIABLE = YES;
				INFOPLIST_KEY_UILaunchScreen_Generation = YES;
				INFOPLIST_KEY_UISupportedInterfaceOrientations_iPad = "UIInterfaceOrientationPortrait UIInterfaceOrientationPortraitUpsideDown UIInterfaceOrientationLandscapeLeft UIInterfaceOrientationLandscapeRight";
				INFOPLIST_KEY_UISupportedInterfaceOrientations_iPhone = "UIInterfaceOrientationPortrait UIInterfaceOrientationLandscapeLeft UIInterfaceOrientationLandscapeRight";
				IPHONEOS_DEPLOYMENT_TARGET = 26.0;
				MTL_ENABLE_DEBUG_INFO = INCLUDE_SOURCE;
				MTL_FAST_MATH = YES;
				ONLY_ACTIVE_ARCH = YES;
				PRODUCT_NAME = "$(TARGET_NAME)";
				SDKROOT = iphoneos;
				SWIFT_ACTIVE_COMPILATION_CONDITIONS = DEBUG;
				SWIFT_OPTIMIZATION_LEVEL = "-Onone";
				SWIFT_VERSION = 6.0;
				TARGETED_DEVICE_FAMILY = "1,2";
			};
			name = Debug;
		};
		ECCCABC8F2F0CD5E13A88B76 /* Release */ = {
			isa = XCBuildConfiguration;
			buildSettings = {
				ASSETCATALOG_COMPILER_APPICON_NAME = AppIcon;
				ASSETCATALOG_COMPILER_GLOBAL_ACCENT_COLOR_NAME = AccentColor;
				CODE_SIGN_IDENTITY = "iPhone Developer";
				CODE_SIGN_STYLE = Automatic;
				CURRENT_PROJECT_VERSION = 1;
				DEVELOPMENT_TEAM = "";
				GENERATE_INFOPLIST_FILE = YES;
				INFOPLIST_KEY_CFBundleDisplayName = "Ghost Notes";
				LD_RUNPATH_SEARCH_PATHS = (
					"$(inherited)",
					"@executable_path/Frameworks",
				);
				MARKETING_VERSION = 1.0.0;
				PRODUCT_BUNDLE_IDENTIFIER = com.tomalabs.ghostnotes;
				SDKROOT = iphoneos;
				TARGETED_DEVICE_FAMILY = "1,2";
			};
			name = Release;
		};
/* End XCBuildConfiguration section */

/* Begin XCConfigurationList section */
		6EBC68A8ED2781439E3F7B02 /* Build configuration list for PBXNativeTarget "GhostNotesShareExtension" */ = {
			isa = XCConfigurationList;
			buildConfigurations = (
				3BB0F2A97440916A497A31A9 /* Debug */,
				7199159A682FB6397A449EBC /* Release */,
			);
			defaultConfigurationIsVisible = 0;
			defaultConfigurationName = Debug;
		};
		CF2087EF0949222D16E5265F /* Build configuration list for PBXNativeTarget "GhostNotes" */ = {
			isa = XCConfigurationList;
			buildConfigurations = (
				659CC92A26B278BB8FA24521 /* Debug */,
				ECCCABC8F2F0CD5E13A88B76 /* Release */,
			);
			defaultConfigurationIsVisible = 0;
			defaultConfigurationName = Debug;
		};
		F2558FCA708BB2698C25F952 /* Build configuration list for PBXProject "GhostNotes" */ = {
			isa = XCConfigurationList;
			buildConfigurations = (
				B1B50333F9E252A94838562B /* Debug */,
				783FFFEEAC2D08F90F955DE5 /* Release */,
			);
			defaultConfigurationIsVisible = 0;
			defaultConfigurationName = Debug;
		};
/* End XCConfigurationList section */
	};
	rootObject = C5B92A30EF955D15CE631E49 /* Project object */;
}
